{
  "requires": true,
  "lockfileVersion": 1,
  "dependencies": {
    "jest-coverage-badges": {
      "version": "1.1.2",
      "resolved": "https://registry.npmjs.org/jest-coverage-badges/-/jest-coverage-badges-1.1.2.tgz",
      "integrity": "sha512-44A7i2xR6os8+fWk8ZRM6W4fKiD2jwKOLU9eB3iTIIWACd9RbdvmiCNpQZTOsUBhKvz7aQ/ASFhu5JOEhWUOlg==",
      "requires": {
        "mkdirp": "0.5.1"
      }
    },
    "minimist": {
      "version": "0.0.8",
      "resolved": "https://registry.npmjs.org/minimist/-/minimist-0.0.8.tgz",
      "integrity": "sha1-hX/Kv8M5fSYluCKCYuhqp6ARsF0="
    },
    "mkdirp": {
      "version": "0.5.1",
      "resolved": "https://registry.npmjs.org/mkdirp/-/mkdirp-0.5.1.tgz",
      "integrity": "sha1-MAV0OOrGz3+MR2fzhkjWaX11yQM=",
      "requires": {
        "minimist": "0.0.8"
      }
    },
    "react-popup-alert": {
      "version": "2.0.0",
      "resolved": "https://registry.npmjs.org/react-popup-alert/-/react-popup-alert-2.0.0.tgz",
      "integrity": "sha512-zsyqBuXoUjKE49MTdZf6hzw6YXZO30ojCGTcrAq8zy1gaAqUNaTFtDEK6V72xt+XjFcRIrwBmLC2KejBFVpdSw==",
      "requires": {
        "jest-coverage-badges": "^1.1.2"
      }
    }
  }
}
